// !$*UTF8*$!
{
	archiveVersion = 1;
	classes = {
	};
	objectVersion = 56;
	objects = {

/* Begin PBXBuildFile section */
		C71BDB522B9AC96B00854478 /* FirebaseFirestoreSwift in Frameworks */ = {isa = PBXBuildFile; productRef = C71BDB512B9AC96B00854478 /* FirebaseFirestoreSwift */; };
		C71BDB542B9AC98800854478 /* NetworkManager.swift in Sources */ = {isa = PBXBuildFile; fileRef = C71BDB532B9AC98800854478 /* NetworkManager.swift */; };
		C71BDB562B9AD2F500854478 /* GoogleService-Info.plist in Resources */ = {isa = PBXBuildFile; fileRef = C71BDB552B9AD2F500854478 /* GoogleService-Info.plist */; };
		C71BDB582B9B7A3600854478 /* FirebaseAuth in Frameworks */ = {isa = PBXBuildFile; productRef = C71BDB572B9B7A3600854478 /* FirebaseAuth */; };
		C71BDB5A2B9B7D1E00854478 /* FTFAuthManager.swift in Sources */ = {isa = PBXBuildFile; fileRef = C71BDB592B9B7D1E00854478 /* FTFAuthManager.swift */; };
		C71BDB5C2B9B7EE900854478 /* FTOwnerDashboardView.swift in Sources */ = {isa = PBXBuildFile; fileRef = C71BDB5B2B9B7EE900854478 /* FTOwnerDashboardView.swift */; };
		C71BDB5F2B9E147D00854478 /* ViewRouter.swift in Sources */ = {isa = PBXBuildFile; fileRef = C71BDB5E2B9E147D00854478 /* ViewRouter.swift */; };
		C71BDB612B9E173800854478 /* User.swift in Sources */ = {isa = PBXBuildFile; fileRef = C71BDB602B9E173800854478 /* User.swift */; };
		C71BDB632B9E1AFC00854478 /* LoginView.swift in Sources */ = {isa = PBXBuildFile; fileRef = C71BDB622B9E1AFC00854478 /* LoginView.swift */; };
		C71BDB652B9E56CC00854478 /* FoodTruckDetailView.swift in Sources */ = {isa = PBXBuildFile; fileRef = C71BDB642B9E56CC00854478 /* FoodTruckDetailView.swift */; };
		C71BDB672B9EA4D600854478 /* FileUploadManager.swift in Sources */ = {isa = PBXBuildFile; fileRef = C71BDB662B9EA4D600854478 /* FileUploadManager.swift */; };
		C71BDB692B9EA56B00854478 /* FirebaseStorage in Frameworks */ = {isa = PBXBuildFile; productRef = C71BDB682B9EA56B00854478 /* FirebaseStorage */; };
		C72678F52B97C6C5009D48DE /* FoodTruckFinderApp.swift in Sources */ = {isa = PBXBuildFile; fileRef = C72678F42B97C6C5009D48DE /* FoodTruckFinderApp.swift */; };
		C72678F72B97C6C5009D48DE /* FTFListView.swift in Sources */ = {isa = PBXBuildFile; fileRef = C72678F62B97C6C5009D48DE /* FTFListView.swift */; };
		C72678F92B97C6C6009D48DE /* Assets.xcassets in Resources */ = {isa = PBXBuildFile; fileRef = C72678F82B97C6C6009D48DE /* Assets.xcassets */; };
		C72678FC2B97C6C6009D48DE /* Preview Assets.xcassets in Resources */ = {isa = PBXBuildFile; fileRef = C72678FB2B97C6C6009D48DE /* Preview Assets.xcassets */; };
		C72679062B97C6C6009D48DE /* FoodTruckFinderTests.swift in Sources */ = {isa = PBXBuildFile; fileRef = C72679052B97C6C6009D48DE /* FoodTruckFinderTests.swift */; };
		C72679102B97C6C6009D48DE /* FoodTruckFinderUITests.swift in Sources */ = {isa = PBXBuildFile; fileRef = C726790F2B97C6C6009D48DE /* FoodTruckFinderUITests.swift */; };
		C72679122B97C6C6009D48DE /* FoodTruckFinderUITestsLaunchTests.swift in Sources */ = {isa = PBXBuildFile; fileRef = C72679112B97C6C6009D48DE /* FoodTruckFinderUITestsLaunchTests.swift */; };
		C72679202B97C6F3009D48DE /* FoodTruck.swift in Sources */ = {isa = PBXBuildFile; fileRef = C726791F2B97C6F3009D48DE /* FoodTruck.swift */; };
		C72679222B97C74B009D48DE /* CuisineType.swift in Sources */ = {isa = PBXBuildFile; fileRef = C72679212B97C74B009D48DE /* CuisineType.swift */; };
		C72679242B97C7A9009D48DE /* FTFLocation.swift in Sources */ = {isa = PBXBuildFile; fileRef = C72679232B97C7A9009D48DE /* FTFLocation.swift */; };
		C72679272B97CB91009D48DE /* FTFMockData.swift in Sources */ = {isa = PBXBuildFile; fileRef = C72679262B97CB91009D48DE /* FTFMockData.swift */; };
		C726792B2B97D200009D48DE /* FoodTruckListCell.swift in Sources */ = {isa = PBXBuildFile; fileRef = C726792A2B97D200009D48DE /* FoodTruckListCell.swift */; };
		C726792D2B97D245009D48DE /* FTFListView+ViewModel.swift in Sources */ = {isa = PBXBuildFile; fileRef = C726792C2B97D245009D48DE /* FTFListView+ViewModel.swift */; };
		C726792F2B97D3AA009D48DE /* FTFTabView.swift in Sources */ = {isa = PBXBuildFile; fileRef = C726792E2B97D3AA009D48DE /* FTFTabView.swift */; };
		C72679322B97D3EE009D48DE /* FTFMapView.swift in Sources */ = {isa = PBXBuildFile; fileRef = C72679312B97D3EE009D48DE /* FTFMapView.swift */; };
		C72679342B97D90F009D48DE /* FTF+Double.swift in Sources */ = {isa = PBXBuildFile; fileRef = C72679332B97D90F009D48DE /* FTF+Double.swift */; };
		C72679362B980568009D48DE /* LocationManager.swift in Sources */ = {isa = PBXBuildFile; fileRef = C72679352B980568009D48DE /* LocationManager.swift */; };
		C77985032B98FFAD00184FED /* ListViewToolbarView.swift in Sources */ = {isa = PBXBuildFile; fileRef = C77985022B98FFAD00184FED /* ListViewToolbarView.swift */; };
/* End PBXBuildFile section */

/* Begin PBXContainerItemProxy section */
		C72679022B97C6C6009D48DE /* PBXContainerItemProxy */ = {
			isa = PBXContainerItemProxy;
			containerPortal = C72678E92B97C6C4009D48DE /* Project object */;
			proxyType = 1;
			remoteGlobalIDString = C72678F02B97C6C5009D48DE;
			remoteInfo = FoodTruckFinder;
		};
		C726790C2B97C6C6009D48DE /* PBXContainerItemProxy */ = {
			isa = PBXContainerItemProxy;
			containerPortal = C72678E92B97C6C4009D48DE /* Project object */;
			proxyType = 1;
			remoteGlobalIDString = C72678F02B97C6C5009D48DE;
			remoteInfo = FoodTruckFinder;
		};
/* End PBXContainerItemProxy section */

/* Begin PBXFileReference section */
		C71BDB532B9AC98800854478 /* NetworkManager.swift */ = {isa = PBXFileReference; lastKnownFileType = sourcecode.swift; path = NetworkManager.swift; sourceTree = "<group>"; };
		C71BDB552B9AD2F500854478 /* GoogleService-Info.plist */ = {isa = PBXFileReference; fileEncoding = 4; lastKnownFileType = text.plist.xml; name = "GoogleService-Info.plist"; path = "../../../../Downloads/GoogleService-Info.plist"; sourceTree = "<group>"; };
		C71BDB592B9B7D1E00854478 /* FTFAuthManager.swift */ = {isa = PBXFileReference; lastKnownFileType = sourcecode.swift; path = FTFAuthManager.swift; sourceTree = "<group>"; };
		C71BDB5B2B9B7EE900854478 /* FTOwnerDashboardView.swift */ = {isa = PBXFileReference; lastKnownFileType = sourcecode.swift; path = FTOwnerDashboardView.swift; sourceTree = "<group>"; };
		C71BDB5E2B9E147D00854478 /* ViewRouter.swift */ = {isa = PBXFileReference; lastKnownFileType = sourcecode.swift; path = ViewRouter.swift; sourceTree = "<group>"; };
		C71BDB602B9E173800854478 /* User.swift */ = {isa = PBXFileReference; lastKnownFileType = sourcecode.swift; path = User.swift; sourceTree = "<group>"; };
		C71BDB622B9E1AFC00854478 /* LoginView.swift */ = {isa = PBXFileReference; lastKnownFileType = sourcecode.swift; path = LoginView.swift; sourceTree = "<group>"; };
		C71BDB642B9E56CC00854478 /* FoodTruckDetailView.swift */ = {isa = PBXFileReference; lastKnownFileType = sourcecode.swift; path = FoodTruckDetailView.swift; sourceTree = "<group>"; };
		C71BDB662B9EA4D600854478 /* FileUploadManager.swift */ = {isa = PBXFileReference; lastKnownFileType = sourcecode.swift; path = FileUploadManager.swift; sourceTree = "<group>"; };
		C72678F12B97C6C5009D48DE /* FoodTruckFinder.app */ = {isa = PBXFileReference; explicitFileType = wrapper.application; includeInIndex = 0; path = FoodTruckFinder.app; sourceTree = BUILT_PRODUCTS_DIR; };
		C72678F42B97C6C5009D48DE /* FoodTruckFinderApp.swift */ = {isa = PBXFileReference; lastKnownFileType = sourcecode.swift; path = FoodTruckFinderApp.swift; sourceTree = "<group>"; };
		C72678F62B97C6C5009D48DE /* FTFListView.swift */ = {isa = PBXFileReference; lastKnownFileType = sourcecode.swift; path = FTFListView.swift; sourceTree = "<group>"; };
		C72678F82B97C6C6009D48DE /* Assets.xcassets */ = {isa = PBXFileReference; lastKnownFileType = folder.assetcatalog; path = Assets.xcassets; sourceTree = "<group>"; };
		C72678FB2B97C6C6009D48DE /* Preview Assets.xcassets */ = {isa = PBXFileReference; lastKnownFileType = folder.assetcatalog; path = "Preview Assets.xcassets"; sourceTree = "<group>"; };
		C72679012B97C6C6009D48DE /* FoodTruckFinderTests.xctest */ = {isa = PBXFileReference; explicitFileType = wrapper.cfbundle; includeInIndex = 0; path = FoodTruckFinderTests.xctest; sourceTree = BUILT_PRODUCTS_DIR; };
		C72679052B97C6C6009D48DE /* FoodTruckFinderTests.swift */ = {isa = PBXFileReference; lastKnownFileType = sourcecode.swift; path = FoodTruckFinderTests.swift; sourceTree = "<group>"; };
		C726790B2B97C6C6009D48DE /* FoodTruckFinderUITests.xctest */ = {isa = PBXFileReference; explicitFileType = wrapper.cfbundle; includeInIndex = 0; path = FoodTruckFinderUITests.xctest; sourceTree = BUILT_PRODUCTS_DIR; };
		C726790F2B97C6C6009D48DE /* FoodTruckFinderUITests.swift */ = {isa = PBXFileReference; lastKnownFileType = sourcecode.swift; path = FoodTruckFinderUITests.swift; sourceTree = "<group>"; };
		C72679112B97C6C6009D48DE /* FoodTruckFinderUITestsLaunchTests.swift */ = {isa = PBXFileReference; lastKnownFileType = sourcecode.swift; path = FoodTruckFinderUITestsLaunchTests.swift; sourceTree = "<group>"; };
		C726791F2B97C6F3009D48DE /* FoodTruck.swift */ = {isa = PBXFileReference; lastKnownFileType = sourcecode.swift; path = FoodTruck.swift; sourceTree = "<group>"; };
		C72679212B97C74B009D48DE /* CuisineType.swift */ = {isa = PBXFileReference; lastKnownFileType = sourcecode.swift; path = CuisineType.swift; sourceTree = "<group>"; };
		C72679232B97C7A9009D48DE /* FTFLocation.swift */ = {isa = PBXFileReference; lastKnownFileType = sourcecode.swift; path = FTFLocation.swift; sourceTree = "<group>"; };
		C72679262B97CB91009D48DE /* FTFMockData.swift */ = {isa = PBXFileReference; lastKnownFileType = sourcecode.swift; path = FTFMockData.swift; sourceTree = "<group>"; };
		C726792A2B97D200009D48DE /* FoodTruckListCell.swift */ = {isa = PBXFileReference; lastKnownFileType = sourcecode.swift; path = FoodTruckListCell.swift; sourceTree = "<group>"; };
		C726792C2B97D245009D48DE /* FTFListView+ViewModel.swift */ = {isa = PBXFileReference; lastKnownFileType = sourcecode.swift; path = "FTFListView+ViewModel.swift"; sourceTree = "<group>"; };
		C726792E2B97D3AA009D48DE /* FTFTabView.swift */ = {isa = PBXFileReference; lastKnownFileType = sourcecode.swift; path = FTFTabView.swift; sourceTree = "<group>"; };
		C72679312B97D3EE009D48DE /* FTFMapView.swift */ = {isa = PBXFileReference; lastKnownFileType = sourcecode.swift; path = FTFMapView.swift; sourceTree = "<group>"; };
		C72679332B97D90F009D48DE /* FTF+Double.swift */ = {isa = PBXFileReference; lastKnownFileType = sourcecode.swift; path = "FTF+Double.swift"; sourceTree = "<group>"; };
		C72679352B980568009D48DE /* LocationManager.swift */ = {isa = PBXFileReference; lastKnownFileType = sourcecode.swift; path = LocationManager.swift; sourceTree = "<group>"; };
		C72679372B980A52009D48DE /* Info.plist */ = {isa = PBXFileReference; lastKnownFileType = text.plist; path = Info.plist; sourceTree = "<group>"; };
		C77985022B98FFAD00184FED /* ListViewToolbarView.swift */ = {isa = PBXFileReference; lastKnownFileType = sourcecode.swift; path = ListViewToolbarView.swift; sourceTree = "<group>"; };
/* End PBXFileReference section */

/* Begin PBXFrameworksBuildPhase section */
		C72678EE2B97C6C5009D48DE /* Frameworks */ = {
			isa = PBXFrameworksBuildPhase;
			buildActionMask = 2147483647;
			files = (
				C71BDB522B9AC96B00854478 /* FirebaseFirestoreSwift in Frameworks */,
				C71BDB582B9B7A3600854478 /* FirebaseAuth in Frameworks */,
				C71BDB692B9EA56B00854478 /* FirebaseStorage in Frameworks */,
			);
			runOnlyForDeploymentPostprocessing = 0;
		};
		C72678FE2B97C6C6009D48DE /* Frameworks */ = {
			isa = PBXFrameworksBuildPhase;
			buildActionMask = 2147483647;
			files = (
			);
			runOnlyForDeploymentPostprocessing = 0;
		};
		C72679082B97C6C6009D48DE /* Frameworks */ = {
			isa = PBXFrameworksBuildPhase;
			buildActionMask = 2147483647;
			files = (
			);
			runOnlyForDeploymentPostprocessing = 0;
		};
/* End PBXFrameworksBuildPhase section */

/* Begin PBXGroup section */
		C71BDB5D2B9E146500854478 /* Navigation */ = {
			isa = PBXGroup;
			children = (
				C71BDB5E2B9E147D00854478 /* ViewRouter.swift */,
			);
			path = Navigation;
			sourceTree = "<group>";
		};
		C72678E82B97C6C4009D48DE = {
			isa = PBXGroup;
			children = (
				C71BDB552B9AD2F500854478 /* GoogleService-Info.plist */,
				C72678F32B97C6C5009D48DE /* FoodTruckFinder */,
				C72679042B97C6C6009D48DE /* FoodTruckFinderTests */,
				C726790E2B97C6C6009D48DE /* FoodTruckFinderUITests */,
				C72678F22B97C6C5009D48DE /* Products */,
			);
			sourceTree = "<group>";
		};
		C72678F22B97C6C5009D48DE /* Products */ = {
			isa = PBXGroup;
			children = (
				C72678F12B97C6C5009D48DE /* FoodTruckFinder.app */,
				C72679012B97C6C6009D48DE /* FoodTruckFinderTests.xctest */,
				C726790B2B97C6C6009D48DE /* FoodTruckFinderUITests.xctest */,
			);
			name = Products;
			sourceTree = "<group>";
		};
		C72678F32B97C6C5009D48DE /* FoodTruckFinder */ = {
			isa = PBXGroup;
			children = (
				C72679372B980A52009D48DE /* Info.plist */,
				C72679302B97D3CC009D48DE /* Screens */,
				C72679292B97D1E3009D48DE /* Custom Views */,
				C72678F42B97C6C5009D48DE /* FoodTruckFinderApp.swift */,
				C72678F82B97C6C6009D48DE /* Assets.xcassets */,
				C726791E2B97C6E7009D48DE /* Model */,
				C72678FA2B97C6C6009D48DE /* Preview Content */,
				C72679252B97CB7D009D48DE /* Utility */,
				C72679282B97CBC1009D48DE /* ViewModel */,
			);
			path = FoodTruckFinder;
			sourceTree = "<group>";
		};
		C72678FA2B97C6C6009D48DE /* Preview Content */ = {
			isa = PBXGroup;
			children = (
				C72678FB2B97C6C6009D48DE /* Preview Assets.xcassets */,
			);
			path = "Preview Content";
			sourceTree = "<group>";
		};
		C72679042B97C6C6009D48DE /* FoodTruckFinderTests */ = {
			isa = PBXGroup;
			children = (
				C72679052B97C6C6009D48DE /* FoodTruckFinderTests.swift */,
			);
			path = FoodTruckFinderTests;
			sourceTree = "<group>";
		};
		C726790E2B97C6C6009D48DE /* FoodTruckFinderUITests */ = {
			isa = PBXGroup;
			children = (
				C726790F2B97C6C6009D48DE /* FoodTruckFinderUITests.swift */,
				C72679112B97C6C6009D48DE /* FoodTruckFinderUITestsLaunchTests.swift */,
			);
			path = FoodTruckFinderUITests;
			sourceTree = "<group>";
		};
		C726791E2B97C6E7009D48DE /* Model */ = {
			isa = PBXGroup;
			children = (
				C72679212B97C74B009D48DE /* CuisineType.swift */,
				C726791F2B97C6F3009D48DE /* FoodTruck.swift */,
				C72679232B97C7A9009D48DE /* FTFLocation.swift */,
				C71BDB602B9E173800854478 /* User.swift */,
			);
			path = Model;
			sourceTree = "<group>";
		};
		C72679252B97CB7D009D48DE /* Utility */ = {
			isa = PBXGroup;
			children = (
				C71BDB5D2B9E146500854478 /* Navigation */,
				C72679262B97CB91009D48DE /* FTFMockData.swift */,
				C72679332B97D90F009D48DE /* FTF+Double.swift */,
				C72679352B980568009D48DE /* LocationManager.swift */,
				C71BDB532B9AC98800854478 /* NetworkManager.swift */,
				C71BDB592B9B7D1E00854478 /* FTFAuthManager.swift */,
				C71BDB662B9EA4D600854478 /* FileUploadManager.swift */,
			);
			path = Utility;
			sourceTree = "<group>";
		};
		C72679282B97CBC1009D48DE /* ViewModel */ = {
			isa = PBXGroup;
			children = (
				C726792C2B97D245009D48DE /* FTFListView+ViewModel.swift */,
			);
			path = ViewModel;
			sourceTree = "<group>";
		};
		C72679292B97D1E3009D48DE /* Custom Views */ = {
			isa = PBXGroup;
			children = (
				C726792A2B97D200009D48DE /* FoodTruckListCell.swift */,
				C726792E2B97D3AA009D48DE /* FTFTabView.swift */,
				C77985022B98FFAD00184FED /* ListViewToolbarView.swift */,
			);
			path = "Custom Views";
			sourceTree = "<group>";
		};
		C72679302B97D3CC009D48DE /* Screens */ = {
			isa = PBXGroup;
			children = (
				C72678F62B97C6C5009D48DE /* FTFListView.swift */,
				C72679312B97D3EE009D48DE /* FTFMapView.swift */,
				C71BDB5B2B9B7EE900854478 /* FTOwnerDashboardView.swift */,
				C71BDB622B9E1AFC00854478 /* LoginView.swift */,
				C71BDB642B9E56CC00854478 /* FoodTruckDetailView.swift */,
			);
			path = Screens;
			sourceTree = "<group>";
		};
/* End PBXGroup section */

/* Begin PBXNativeTarget section */
		C72678F02B97C6C5009D48DE /* FoodTruckFinder */ = {
			isa = PBXNativeTarget;
			buildConfigurationList = C72679152B97C6C6009D48DE /* Build configuration list for PBXNativeTarget "FoodTruckFinder" */;
			buildPhases = (
				C72678ED2B97C6C5009D48DE /* Sources */,
				C72678EE2B97C6C5009D48DE /* Frameworks */,
				C72678EF2B97C6C5009D48DE /* Resources */,
			);
			buildRules = (
			);
			dependencies = (
			);
			name = FoodTruckFinder;
			packageProductDependencies = (
				C71BDB512B9AC96B00854478 /* FirebaseFirestoreSwift */,
				C71BDB572B9B7A3600854478 /* FirebaseAuth */,
				C71BDB682B9EA56B00854478 /* FirebaseStorage */,
			);
			productName = FoodTruckFinder;
			productReference = C72678F12B97C6C5009D48DE /* FoodTruckFinder.app */;
			productType = "com.apple.product-type.application";
		};
		C72679002B97C6C6009D48DE /* FoodTruckFinderTests */ = {
			isa = PBXNativeTarget;
			buildConfigurationList = C72679182B97C6C6009D48DE /* Build configuration list for PBXNativeTarget "FoodTruckFinderTests" */;
			buildPhases = (
				C72678FD2B97C6C6009D48DE /* Sources */,
				C72678FE2B97C6C6009D48DE /* Frameworks */,
				C72678FF2B97C6C6009D48DE /* Resources */,
			);
			buildRules = (
			);
			dependencies = (
				C72679032B97C6C6009D48DE /* PBXTargetDependency */,
			);
			name = FoodTruckFinderTests;
			productName = FoodTruckFinderTests;
			productReference = C72679012B97C6C6009D48DE /* FoodTruckFinderTests.xctest */;
			productType = "com.apple.product-type.bundle.unit-test";
		};
		C726790A2B97C6C6009D48DE /* FoodTruckFinderUITests */ = {
			isa = PBXNativeTarget;
			buildConfigurationList = C726791B2B97C6C6009D48DE /* Build configuration list for PBXNativeTarget "FoodTruckFinderUITests" */;
			buildPhases = (
				C72679072B97C6C6009D48DE /* Sources */,
				C72679082B97C6C6009D48DE /* Frameworks */,
				C72679092B97C6C6009D48DE /* Resources */,
			);
			buildRules = (
			);
			dependencies = (
				C726790D2B97C6C6009D48DE /* PBXTargetDependency */,
			);
			name = FoodTruckFinderUITests;
			productName = FoodTruckFinderUITests;
			productReference = C726790B2B97C6C6009D48DE /* FoodTruckFinderUITests.xctest */;
			productType = "com.apple.product-type.bundle.ui-testing";
		};
/* End PBXNativeTarget section */

/* Begin PBXProject section */
		C72678E92B97C6C4009D48DE /* Project object */ = {
			isa = PBXProject;
			attributes = {
				BuildIndependentTargetsInParallel = 1;
				LastSwiftUpdateCheck = 1520;
				LastUpgradeCheck = 1520;
				TargetAttributes = {
					C72678F02B97C6C5009D48DE = {
						CreatedOnToolsVersion = 15.2;
					};
					C72679002B97C6C6009D48DE = {
						CreatedOnToolsVersion = 15.2;
						TestTargetID = C72678F02B97C6C5009D48DE;
					};
					C726790A2B97C6C6009D48DE = {
						CreatedOnToolsVersion = 15.2;
						TestTargetID = C72678F02B97C6C5009D48DE;
					};
				};
			};
			buildConfigurationList = C72678EC2B97C6C4009D48DE /* Build configuration list for PBXProject "FoodTruckFinder" */;
			compatibilityVersion = "Xcode 14.0";
			developmentRegion = en;
			hasScannedForEncodings = 0;
			knownRegions = (
				en,
				Base,
			);
			mainGroup = C72678E82B97C6C4009D48DE;
			packageReferences = (
				C71BDB502B9AC96B00854478 /* XCRemoteSwiftPackageReference "firebase-ios-sdk" */,
			);
			productRefGroup = C72678F22B97C6C5009D48DE /* Products */;
			projectDirPath = "";
			projectRoot = "";
			targets = (
				C72678F02B97C6C5009D48DE /* FoodTruckFinder */,
				C72679002B97C6C6009D48DE /* FoodTruckFinderTests */,
				C726790A2B97C6C6009D48DE /* FoodTruckFinderUITests */,
			);
		};
/* End PBXProject section */

/* Begin PBXResourcesBuildPhase section */
		C72678EF2B97C6C5009D48DE /* Resources */ = {
			isa = PBXResourcesBuildPhase;
			buildActionMask = 2147483647;
			files = (
				C72678FC2B97C6C6009D48DE /* Preview Assets.xcassets in Resources */,
				C72678F92B97C6C6009D48DE /* Assets.xcassets in Resources */,
				C71BDB562B9AD2F500854478 /* GoogleService-Info.plist in Resources */,
			);
			runOnlyForDeploymentPostprocessing = 0;
		};
		C72678FF2B97C6C6009D48DE /* Resources */ = {
			isa = PBXResourcesBuildPhase;
			buildActionMask = 2147483647;
			files = (
			);
			runOnlyForDeploymentPostprocessing = 0;
		};
		C72679092B97C6C6009D48DE /* Resources */ = {
			isa = PBXResourcesBuildPhase;
			buildActionMask = 2147483647;
			files = (
			);
			runOnlyForDeploymentPostprocessing = 0;
		};
/* End PBXResourcesBuildPhase section */

/* Begin PBXSourcesBuildPhase section */
		C72678ED2B97C6C5009D48DE /* Sources */ = {
			isa = PBXSourcesBuildPhase;
			buildActionMask = 2147483647;
			files = (
				C72679242B97C7A9009D48DE /* FTFLocation.swift in Sources */,
				C71BDB672B9EA4D600854478 /* FileUploadManager.swift in Sources */,
				C726792D2B97D245009D48DE /* FTFListView+ViewModel.swift in Sources */,
				C72679342B97D90F009D48DE /* FTF+Double.swift in Sources */,
				C71BDB652B9E56CC00854478 /* FoodTruckDetailView.swift in Sources */,
				C726792B2B97D200009D48DE /* FoodTruckListCell.swift in Sources */,
				C726792F2B97D3AA009D48DE /* FTFTabView.swift in Sources */,
				C77985032B98FFAD00184FED /* ListViewToolbarView.swift in Sources */,
				C72678F72B97C6C5009D48DE /* FTFListView.swift in Sources */,
				C72678F52B97C6C5009D48DE /* FoodTruckFinderApp.swift in Sources */,
				C72679322B97D3EE009D48DE /* FTFMapView.swift in Sources */,
				C72679362B980568009D48DE /* LocationManager.swift in Sources */,
				C71BDB5C2B9B7EE900854478 /* FTOwnerDashboardView.swift in Sources */,
				C71BDB542B9AC98800854478 /* NetworkManager.swift in Sources */,
				C72679222B97C74B009D48DE /* CuisineType.swift in Sources */,
				C71BDB5F2B9E147D00854478 /* ViewRouter.swift in Sources */,
				C71BDB612B9E173800854478 /* User.swift in Sources */,
				C72679272B97CB91009D48DE /* FTFMockData.swift in Sources */,
				C71BDB632B9E1AFC00854478 /* LoginView.swift in Sources */,
				C72679202B97C6F3009D48DE /* FoodTruck.swift in Sources */,
				C71BDB5A2B9B7D1E00854478 /* FTFAuthManager.swift in Sources */,
			);
			runOnlyForDeploymentPostprocessing = 0;
		};
		C72678FD2B97C6C6009D48DE /* Sources */ = {
			isa = PBXSourcesBuildPhase;
			buildActionMask = 2147483647;
			files = (
				C72679062B97C6C6009D48DE /* FoodTruckFinderTests.swift in Sources */,
			);
			runOnlyForDeploymentPostprocessing = 0;
		};
		C72679072B97C6C6009D48DE /* Sources */ = {
			isa = PBXSourcesBuildPhase;
			buildActionMask = 2147483647;
			files = (
				C72679122B97C6C6009D48DE /* FoodTruckFinderUITestsLaunchTests.swift in Sources */,
				C72679102B97C6C6009D48DE /* FoodTruckFinderUITests.swift in Sources */,
			);
			runOnlyForDeploymentPostprocessing = 0;
		};
/* End PBXSourcesBuildPhase section */

/* Begin PBXTargetDependency section */
		C72679032B97C6C6009D48DE /* PBXTargetDependency */ = {
			isa = PBXTargetDependency;
			target = C72678F02B97C6C5009D48DE /* FoodTruckFinder */;
			targetProxy = C72679022B97C6C6009D48DE /* PBXContainerItemProxy */;
		};
		C726790D2B97C6C6009D48DE /* PBXTargetDependency */ = {
			isa = PBXTargetDependency;
			target = C72678F02B97C6C5009D48DE /* FoodTruckFinder */;
			targetProxy = C726790C2B97C6C6009D48DE /* PBXContainerItemProxy */;
		};
/* End PBXTargetDependency section */

/* Begin XCBuildConfiguration section */
		C72679132B97C6C6009D48DE /* Debug */ = {
			isa = XCBuildConfiguration;
			buildSettings = {
				ALWAYS_SEARCH_USER_PATHS = NO;
				ASSETCATALOG_COMPILER_GENERATE_SWIFT_ASSET_SYMBOL_EXTENSIONS = YES;
				CLANG_ANALYZER_NONNULL = YES;
				CLANG_ANALYZER_NUMBER_OBJECT_CONVERSION = YES_AGGRESSIVE;
				CLANG_CXX_LANGUAGE_STANDARD = "gnu++20";
				CLANG_ENABLE_MODULES = YES;
				CLANG_ENABLE_OBJC_ARC = YES;
				CLANG_ENABLE_OBJC_WEAK = YES;
				CLANG_WARN_BLOCK_CAPTURE_AUTORELEASING = YES;
				CLANG_WARN_BOOL_CONVERSION = YES;
				CLANG_WARN_COMMA = YES;
				CLANG_WARN_CONSTANT_CONVERSION = YES;
				CLANG_WARN_DEPRECATED_OBJC_IMPLEMENTATIONS = YES;
				CLANG_WARN_DIRECT_OBJC_ISA_USAGE = YES_ERROR;
				CLANG_WARN_DOCUMENTATION_COMMENTS = YES;
				CLANG_WARN_EMPTY_BODY = YES;
				CLANG_WARN_ENUM_CONVERSION = YES;
				CLANG_WARN_INFINITE_RECURSION = YES;
				CLANG_WARN_INT_CONVERSION = YES;
				CLANG_WARN_NON_LITERAL_NULL_CONVERSION = YES;
				CLANG_WARN_OBJC_IMPLICIT_RETAIN_SELF = YES;
				CLANG_WARN_OBJC_LITERAL_CONVERSION = YES;
				CLANG_WARN_OBJC_ROOT_CLASS = YES_ERROR;
				CLANG_WARN_QUOTED_INCLUDE_IN_FRAMEWORK_HEADER = YES;
				CLANG_WARN_RANGE_LOOP_ANALYSIS = YES;
				CLANG_WARN_STRICT_PROTOTYPES = YES;
				CLANG_WARN_SUSPICIOUS_MOVE = YES;
				CLANG_WARN_UNGUARDED_AVAILABILITY = YES_AGGRESSIVE;
				CLANG_WARN_UNREACHABLE_CODE = YES;
				CLANG_WARN__DUPLICATE_METHOD_MATCH = YES;
				COPY_PHASE_STRIP = NO;
				DEBUG_INFORMATION_FORMAT = dwarf;
				ENABLE_STRICT_OBJC_MSGSEND = YES;
				ENABLE_TESTABILITY = YES;
				ENABLE_USER_SCRIPT_SANDBOXING = YES;
				GCC_C_LANGUAGE_STANDARD = gnu17;
				GCC_DYNAMIC_NO_PIC = NO;
				GCC_NO_COMMON_BLOCKS = YES;
				GCC_OPTIMIZATION_LEVEL = 0;
				GCC_PREPROCESSOR_DEFINITIONS = (
					"DEBUG=1",
					"$(inherited)",
				);
				GCC_WARN_64_TO_32_BIT_CONVERSION = YES;
				GCC_WARN_ABOUT_RETURN_TYPE = YES_ERROR;
				GCC_WARN_UNDECLARED_SELECTOR = YES;
				GCC_WARN_UNINITIALIZED_AUTOS = YES_AGGRESSIVE;
				GCC_WARN_UNUSED_FUNCTION = YES;
				GCC_WARN_UNUSED_VARIABLE = YES;
				IPHONEOS_DEPLOYMENT_TARGET = 17.2;
				LOCALIZATION_PREFERS_STRING_CATALOGS = YES;
				MTL_ENABLE_DEBUG_INFO = INCLUDE_SOURCE;
				MTL_FAST_MATH = YES;
				ONLY_ACTIVE_ARCH = YES;
				SDKROOT = iphoneos;
				SWIFT_ACTIVE_COMPILATION_CONDITIONS = "DEBUG $(inherited)";
				SWIFT_OPTIMIZATION_LEVEL = "-Onone";
			};
			name = Debug;
		};
		C72679142B97C6C6009D48DE /* Release */ = {
			isa = XCBuildConfiguration;
			buildSettings = {
				ALWAYS_SEARCH_USER_PATHS = NO;
				ASSETCATALOG_COMPILER_GENERATE_SWIFT_ASSET_SYMBOL_EXTENSIONS = YES;
				CLANG_ANALYZER_NONNULL = YES;
				CLANG_ANALYZER_NUMBER_OBJECT_CONVERSION = YES_AGGRESSIVE;
				CLANG_CXX_LANGUAGE_STANDARD = "gnu++20";
				CLANG_ENABLE_MODULES = YES;
				CLANG_ENABLE_OBJC_ARC = YES;
				CLANG_ENABLE_OBJC_WEAK = YES;
				CLANG_WARN_BLOCK_CAPTURE_AUTORELEASING = YES;
				CLANG_WARN_BOOL_CONVERSION = YES;
				CLANG_WARN_COMMA = YES;
				CLANG_WARN_CONSTANT_CONVERSION = YES;
				CLANG_WARN_DEPRECATED_OBJC_IMPLEMENTATIONS = YES;
				CLANG_WARN_DIRECT_OBJC_ISA_USAGE = YES_ERROR;
				CLANG_WARN_DOCUMENTATION_COMMENTS = YES;
				CLANG_WARN_EMPTY_BODY = YES;
				CLANG_WARN_ENUM_CONVERSION = YES;
				CLANG_WARN_INFINITE_RECURSION = YES;
				CLANG_WARN_INT_CONVERSION = YES;
				CLANG_WARN_NON_LITERAL_NULL_CONVERSION = YES;
				CLANG_WARN_OBJC_IMPLICIT_RETAIN_SELF = YES;
				CLANG_WARN_OBJC_LITERAL_CONVERSION = YES;
				CLANG_WARN_OBJC_ROOT_CLASS = YES_ERROR;
				CLANG_WARN_QUOTED_INCLUDE_IN_FRAMEWORK_HEADER = YES;
				CLANG_WARN_RANGE_LOOP_ANALYSIS = YES;
				CLANG_WARN_STRICT_PROTOTYPES = YES;
				CLANG_WARN_SUSPICIOUS_MOVE = YES;
				CLANG_WARN_UNGUARDED_AVAILABILITY = YES_AGGRESSIVE;
				CLANG_WARN_UNREACHABLE_CODE = YES;
				CLANG_WARN__DUPLICATE_METHOD_MATCH = YES;
				COPY_PHASE_STRIP = NO;
				DEBUG_INFORMATION_FORMAT = "dwarf-with-dsym";
				ENABLE_NS_ASSERTIONS = NO;
				ENABLE_STRICT_OBJC_MSGSEND = YES;
				ENABLE_USER_SCRIPT_SANDBOXING = YES;
				GCC_C_LANGUAGE_STANDARD = gnu17;
				GCC_NO_COMMON_BLOCKS = YES;
				GCC_WARN_64_TO_32_BIT_CONVERSION = YES;
				GCC_WARN_ABOUT_RETURN_TYPE = YES_ERROR;
				GCC_WARN_UNDECLARED_SELECTOR = YES;
				GCC_WARN_UNINITIALIZED_AUTOS = YES_AGGRESSIVE;
				GCC_WARN_UNUSED_FUNCTION = YES;
				GCC_WARN_UNUSED_VARIABLE = YES;
				IPHONEOS_DEPLOYMENT_TARGET = 17.2;
				LOCALIZATION_PREFERS_STRING_CATALOGS = YES;
				MTL_ENABLE_DEBUG_INFO = NO;
				MTL_FAST_MATH = YES;
				SDKROOT = iphoneos;
				SWIFT_COMPILATION_MODE = wholemodule;
				VALIDATE_PRODUCT = YES;
			};
			name = Release;
		};
		C72679162B97C6C6009D48DE /* Debug */ = {
			isa = XCBuildConfiguration;
			buildSettings = {
				ASSETCATALOG_COMPILER_APPICON_NAME = AppIcon;
				ASSETCATALOG_COMPILER_GLOBAL_ACCENT_COLOR_NAME = AccentColor;
				CODE_SIGN_STYLE = Automatic;
				CURRENT_PROJECT_VERSION = 1;
				DEVELOPMENT_ASSET_PATHS = "\"FoodTruckFinder/Preview Content\"";
				DEVELOPMENT_TEAM = GREW8M86PK;
				ENABLE_PREVIEWS = YES;
				GENERATE_INFOPLIST_FILE = YES;
				INFOPLIST_FILE = FoodTruckFinder/Info.plist;
				INFOPLIST_KEY_UIApplicationSceneManifest_Generation = YES;
				INFOPLIST_KEY_UIApplicationSupportsIndirectInputEvents = YES;
				INFOPLIST_KEY_UILaunchScreen_Generation = YES;
				INFOPLIST_KEY_UISupportedInterfaceOrientations_iPad = "UIInterfaceOrientationPortrait UIInterfaceOrientationPortraitUpsideDown UIInterfaceOrientationLandscapeLeft UIInterfaceOrientationLandscapeRight";
				INFOPLIST_KEY_UISupportedInterfaceOrientations_iPhone = "UIInterfaceOrientationPortrait UIInterfaceOrientationLandscapeLeft UIInterfaceOrientationLandscapeRight";
				LD_RUNPATH_SEARCH_PATHS = (
					"$(inherited)",
					"@executable_path/Frameworks",
				);
				MARKETING_VERSION = 1.0;
				PRODUCT_BUNDLE_IDENTIFIER = seagullman.com.FoodTruckFinder;
				PRODUCT_NAME = "$(TARGET_NAME)";
				SWIFT_EMIT_LOC_STRINGS = YES;
				SWIFT_VERSION = 5.0;
				TARGETED_DEVICE_FAMILY = "1,2";
			};
			name = Debug;
		};
		C72679172B97C6C6009D48DE /* Release */ = {
			isa = XCBuildConfiguration;
			buildSettings = {
				ASSETCATALOG_COMPILER_APPICON_NAME = AppIcon;
				ASSETCATALOG_COMPILER_GLOBAL_ACCENT_COLOR_NAME = AccentColor;
				CODE_SIGN_STYLE = Automatic;
				CURRENT_PROJECT_VERSION = 1;
				DEVELOPMENT_ASSET_PATHS = "\"FoodTruckFinder/Preview Content\"";
				DEVELOPMENT_TEAM = GREW8M86PK;
				ENABLE_PREVIEWS = YES;
				GENERATE_INFOPLIST_FILE = YES;
				INFOPLIST_FILE = FoodTruckFinder/Info.plist;
				INFOPLIST_KEY_UIApplicationSceneManifest_Generation = YES;
				INFOPLIST_KEY_UIApplicationSupportsIndirectInputEvents = YES;
				INFOPLIST_KEY_UILaunchScreen_Generation = YES;
				INFOPLIST_KEY_UISupportedInterfaceOrientations_iPad = "UIInterfaceOrientationPortrait UIInterfaceOrientationPortraitUpsideDown UIInterfaceOrientationLandscapeLeft UIInterfaceOrientationLandscapeRight";
				INFOPLIST_KEY_UISupportedInterfaceOrientations_iPhone = "UIInterfaceOrientationPortrait UIInterfaceOrientationLandscapeLeft UIInterfaceOrientationLandscapeRight";
				LD_RUNPATH_SEARCH_PATHS = (
					"$(inherited)",
					"@executable_path/Frameworks",
				);
				MARKETING_VERSION = 1.0;
				PRODUCT_BUNDLE_IDENTIFIER = seagullman.com.FoodTruckFinder;
				PRODUCT_NAME = "$(TARGET_NAME)";
				SWIFT_EMIT_LOC_STRINGS = YES;
				SWIFT_VERSION = 5.0;
				TARGETED_DEVICE_FAMILY = "1,2";
			};
			name = Release;
		};
		C72679192B97C6C6009D48DE /* Debug */ = {
			isa = XCBuildConfiguration;
			buildSettings = {
				ALWAYS_EMBED_SWIFT_STANDARD_LIBRARIES = YES;
				BUNDLE_LOADER = "$(TEST_HOST)";
				CODE_SIGN_STYLE = Automatic;
				CURRENT_PROJECT_VERSION = 1;
				DEVELOPMENT_TEAM = GREW8M86PK;
				GENERATE_INFOPLIST_FILE = YES;
				IPHONEOS_DEPLOYMENT_TARGET = 17.2;
				MARKETING_VERSION = 1.0;
				PRODUCT_BUNDLE_IDENTIFIER = seagullman.com.FoodTruckFinderTests;
				PRODUCT_NAME = "$(TARGET_NAME)";
				SWIFT_EMIT_LOC_STRINGS = NO;
				SWIFT_VERSION = 5.0;
				TARGETED_DEVICE_FAMILY = "1,2";
				TEST_HOST = "$(BUILT_PRODUCTS_DIR)/FoodTruckFinder.app/$(BUNDLE_EXECUTABLE_FOLDER_PATH)/FoodTruckFinder";
			};
			name = Debug;
		};
		C726791A2B97C6C6009D48DE /* Release */ = {
			isa = XCBuildConfiguration;
			buildSettings = {
				ALWAYS_EMBED_SWIFT_STANDARD_LIBRARIES = YES;
				BUNDLE_LOADER = "$(TEST_HOST)";
				CODE_SIGN_STYLE = Automatic;
				CURRENT_PROJECT_VERSION = 1;
				DEVELOPMENT_TEAM = GREW8M86PK;
				GENERATE_INFOPLIST_FILE = YES;
				IPHONEOS_DEPLOYMENT_TARGET = 17.2;
				MARKETING_VERSION = 1.0;
				PRODUCT_BUNDLE_IDENTIFIER = seagullman.com.FoodTruckFinderTests;
				PRODUCT_NAME = "$(TARGET_NAME)";
				SWIFT_EMIT_LOC_STRINGS = NO;
				SWIFT_VERSION = 5.0;
				TARGETED_DEVICE_FAMILY = "1,2";
				TEST_HOST = "$(BUILT_PRODUCTS_DIR)/FoodTruckFinder.app/$(BUNDLE_EXECUTABLE_FOLDER_PATH)/FoodTruckFinder";
			};
			name = Release;
		};
		C726791C2B97C6C6009D48DE /* Debug */ = {
			isa = XCBuildConfiguration;
			buildSettings = {
				ALWAYS_EMBED_SWIFT_STANDARD_LIBRARIES = YES;
				CODE_SIGN_STYLE = Automatic;
				CURRENT_PROJECT_VERSION = 1;
				DEVELOPMENT_TEAM = GREW8M86PK;
				GENERATE_INFOPLIST_FILE = YES;
				MARKETING_VERSION = 1.0;
				PRODUCT_BUNDLE_IDENTIFIER = seagullman.com.FoodTruckFinderUITests;
				PRODUCT_NAME = "$(TARGET_NAME)";
				SWIFT_EMIT_LOC_STRINGS = NO;
				SWIFT_VERSION = 5.0;
				TARGETED_DEVICE_FAMILY = "1,2";
				TEST_TARGET_NAME = FoodTruckFinder;
			};
			name = Debug;
		};
		C726791D2B97C6C6009D48DE /* Release */ = {
			isa = XCBuildConfiguration;
			buildSettings = {
				ALWAYS_EMBED_SWIFT_STANDARD_LIBRARIES = YES;
				CODE_SIGN_STYLE = Automatic;
				CURRENT_PROJECT_VERSION = 1;
				DEVELOPMENT_TEAM = GREW8M86PK;
				GENERATE_INFOPLIST_FILE = YES;
				MARKETING_VERSION = 1.0;
				PRODUCT_BUNDLE_IDENTIFIER = seagullman.com.FoodTruckFinderUITests;
				PRODUCT_NAME = "$(TARGET_NAME)";
				SWIFT_EMIT_LOC_STRINGS = NO;
				SWIFT_VERSION = 5.0;
				TARGETED_DEVICE_FAMILY = "1,2";
				TEST_TARGET_NAME = FoodTruckFinder;
			};
			name = Release;
		};
/* End XCBuildConfiguration section */

/* Begin XCConfigurationList section */
		C72678EC2B97C6C4009D48DE /* Build configuration list for PBXProject "FoodTruckFinder" */ = {
			isa = XCConfigurationList;
			buildConfigurations = (
				C72679132B97C6C6009D48DE /* Debug */,
				C72679142B97C6C6009D48DE /* Release */,
			);
			defaultConfigurationIsVisible = 0;
			defaultConfigurationName = Release;
		};
		C72679152B97C6C6009D48DE /* Build configuration list for PBXNativeTarget "FoodTruckFinder" */ = {
			isa = XCConfigurationList;
			buildConfigurations = (
				C72679162B97C6C6009D48DE /* Debug */,
				C72679172B97C6C6009D48DE /* Release */,
			);
			defaultConfigurationIsVisible = 0;
			defaultConfigurationName = Release;
		};
		C72679182B97C6C6009D48DE /* Build configuration list for PBXNativeTarget "FoodTruckFinderTests" */ = {
			isa = XCConfigurationList;
			buildConfigurations = (
				C72679192B97C6C6009D48DE /* Debug */,
				C726791A2B97C6C6009D48DE /* Release */,
			);
			defaultConfigurationIsVisible = 0;
			defaultConfigurationName = Release;
		};
		C726791B2B97C6C6009D48DE /* Build configuration list for PBXNativeTarget "FoodTruckFinderUITests" */ = {
			isa = XCConfigurationList;
			buildConfigurations = (
				C726791C2B97C6C6009D48DE /* Debug */,
				C726791D2B97C6C6009D48DE /* Release */,
			);
			defaultConfigurationIsVisible = 0;
			defaultConfigurationName = Release;
		};
/* End XCConfigurationList section */

/* Begin XCRemoteSwiftPackageReference section */
		C71BDB502B9AC96B00854478 /* XCRemoteSwiftPackageReference "firebase-ios-sdk" */ = {
			isa = XCRemoteSwiftPackageReference;
			repositoryURL = "https://github.com/firebase/firebase-ios-sdk";
			requirement = {
				kind = upToNextMajorVersion;
				minimumVersion = 10.22.1;
			};
		};
/* End XCRemoteSwiftPackageReference section */

/* Begin XCSwiftPackageProductDependency section */
		C71BDB512B9AC96B00854478 /* FirebaseFirestoreSwift */ = {
			isa = XCSwiftPackageProductDependency;
			package = C71BDB502B9AC96B00854478 /* XCRemoteSwiftPackageReference "firebase-ios-sdk" */;
			productName = FirebaseFirestoreSwift;
		};
		C71BDB572B9B7A3600854478 /* FirebaseAuth */ = {
			isa = XCSwiftPackageProductDependency;
			productName = FirebaseAuth;
		};
		C71BDB682B9EA56B00854478 /* FirebaseStorage */ = {
			isa = XCSwiftPackageProductDependency;
			productName = FirebaseStorage;
		};
/* End XCSwiftPackageProductDependency section */
	};
	rootObject = C72678E92B97C6C4009D48DE /* Project object */;
}
